FORGE
  remote: http://forge.puppetlabs.com
  specs:
    example42/firewall (2.0.0)
      example42/iptables (>= 2.0.0)
      example42/puppi (>= 2.0.0)
    example42/iptables (2.0.1)
      example42/puppi (>= 2.0.0)
    example42/monitor (2.0.0)
      example42/puppi (>= 2.0.0)
    example42/mysql (2.0.8)
      example42/firewall (>= 2.0.0)
      example42/monitor (>= 2.0.0)
      example42/puppi (>= 2.0.0)
    example42/php (2.0.8)
      example42/puppi (>= 2.0.0)
    example42/puppi (2.0.8)
    puppetlabs/apache (0.6.0)
      puppetlabs/firewall (>= 0.0.4)
      puppetlabs/stdlib (>= 2.2.1)
    puppetlabs/apt (1.1.1)
      puppetlabs/stdlib (>= 2.2.1)
    puppetlabs/firewall (0.3.1)
    puppetlabs/stdlib (4.1.0)
    puppetlabs/vcsrepo (0.1.2)
    ripienaar/concat (0.2.0)

PATH
  remote: ./mymodules/system
  specs:
    system (0.0.1)

DEPENDENCIES
  example42/mysql (= 2.0.8)
  example42/php (= 2.0.8)
  example42/puppi (= 2.0.8)
  puppetlabs/apache (= 0.6.0)
  puppetlabs/apt (= 1.1.1)
  puppetlabs/firewall (= 0.3.1)
  puppetlabs/stdlib (= 4.1.0)
  puppetlabs/vcsrepo (= 0.1.2)
  ripienaar/concat (= 0.2.0)
  system (>= 0)

